
Microsoft Visual Studio Solution File, Format Version 12.00
# Visual Studio Version 16
VisualStudioVersion = 16.0.30907.101
MinimumVisualStudioVersion = 10.0.40219.1
Project("{FAE04EC0-301F-11D3-BF4B-00C04F79EFBC}") = "AkwadTask", "AkwadTask\AkwadTask.csproj", "{C5B0E69D-FC93-4F49-A2B1-D8A3FD6D6B1D}"
EndProject
Project("{2150E333-8FDC-42A3-9474-1A3956D46DE8}") = "Solution Items", "Solution Items", "{3FC8FF44-1E3E-4867-B28B-A880396CBE93}"
	ProjectSection(SolutionItems) = preProject
		global.json = global.json
	EndProjectSection
EndProject
Global
	GlobalSection(SolutionConfigurationPlatforms) = preSolution
		Debug|Any CPU = Debug|Any CPU
		Release|Any CPU = Release|Any CPU
	EndGlobalSection
	GlobalSection(ProjectConfigurationPlatforms) = postSolution
		{C5B0E69D-FC93-4F49-A2B1-D8A3FD6D6B1D}.Debug|Any CPU.ActiveCfg = Debug|Any CPU
		{C5B0E69D-FC93-4F49-A2B1-D8A3FD6D6B1D}.Debug|Any CPU.Build.0 = Debug|Any CPU
		{C5B0E69D-FC93-4F49-A2B1-D8A3FD6D6B1D}.Release|Any CPU.ActiveCfg = Release|Any CPU
		{C5B0E69D-FC93-4F49-A2B1-D8A3FD6D6B1D}.Release|Any CPU.Build.0 = Release|Any CPU
	EndGlobalSection
	GlobalSection(SolutionProperties) = preSolution
		HideSolutionNode = FALSE
	EndGlobalSection
	GlobalSection(ExtensibilityGlobals) = postSolution
		SolutionGuid = {61607FD3-886B-4170-B7E2-86D9E906973A}
	EndGlobalSection
EndGlobal
